<?xml version="1.0" encoding="utf-8"?>
<Project ToolsVersion="4.0" xmlns="http://schemas.microsoft.com/developer/msbuild/2003">
  <ItemGroup>
    <Filter Include="Source Files">
      <UniqueIdentifier>{4FC737F1-C7A5-4376-A066-2A32D752A2FF}</UniqueIdentifier>
      <Extensions>cpp;c;cc;cxx;c++;cppm;ixx;def;odl;idl;hpj;bat;asm;asmx</Extensions>
    </Filter>
    <Filter Include="Header Files">
      <UniqueIdentifier>{93995380-89BD-4b04-88EB-625FBE52EBFB}</UniqueIdentifier>
      <Extensions>h;hh;hpp;hxx;h++;hm;inl;inc;ipp;xsd</Extensions>
    </Filter>
    <Filter Include="Resource Files">
      <UniqueIdentifier>{67DA6AB6-F800-4c08-8B7A-83BB121AAD01}</UniqueIdentifier>
      <Extensions>rc;ico;cur;bmp;dlg;rc2;rct;bin;rgs;gif;jpg;jpeg;jpe;resx;tiff;tif;png;wav;mfcribbon-ms</Extensions>
    </Filter>
  </ItemGroup>
  <ItemGroup>
    <ClInclude Include="DragAPI.h">
      <Filter>Header Files</Filter>
    </ClInclude>
    <ClInclude Include="DragAPI\Array\Array.h">
      <Filter>Header Files</Filter>
    </ClInclude>
    <ClInclude Include="DragAPI\Exceptions\Exceptions.h">
      <Filter>Header Files</Filter>
    </ClInclude>
    <ClInclude Include="DragAPI\Diagnostics\MethodInfo.h">
      <Filter>Header Files</Filter>
    </ClInclude>
    <ClInclude Include="DragAPI\Diagnostics\ModuleInfo.h">
      <Filter>Header Files</Filter>
    </ClInclude>
    <ClInclude Include="DragAPI\Diagnostics\StackTrace.h">
      <Filter>Header Files</Filter>
    </ClInclude>
    <ClInclude Include="DragAPI\Diagnostics\SymbolHelper.h">
      <Filter>Header Files</Filter>
    </ClInclude>
    <ClInclude Include="DragAPI\Diagnostics\InfoObject.h">
      <Filter>Header Files</Filter>
    </ClInclude>
    <ClInclude Include="DragAPI\Diagnostics\TypeInfo.h">
      <Filter>Header Files</Filter>
    </ClInclude>
    <ClInclude Include="DragAPI\Graphics\Window.h">
      <Filter>Header Files</Filter>
    </ClInclude>
    <ClInclude Include="DragAPI\DateTime.h">
      <Filter>Header Files</Filter>
    </ClInclude>
    <ClInclude Include="DragAPI\Data Types\Vectors.h">
      <Filter>Header Files</Filter>
    </ClInclude>
    <ClInclude Include="DragAPI\Data Types\Quaternion.h">
      <Filter>Header Files</Filter>
    </ClInclude>
    <ClInclude Include="DragAPI\DragAPI.Networking.h">
      <Filter>Header Files</Filter>
    </ClInclude>
    <ClInclude Include="DragAPI\Networking\Sockets.h">
      <Filter>Header Files</Filter>
    </ClInclude>
    <ClInclude Include="DragAPI\Json\Json.h">
      <Filter>Header Files</Filter>
    </ClInclude>
    <ClInclude Include="DragAPI\IO\IO.h">
      <Filter>Header Files</Filter>
    </ClInclude>
    <ClInclude Include="DragAPI\IO\IOExceptions.h">
      <Filter>Header Files</Filter>
    </ClInclude>
    <ClInclude Include="DragAPI\Data Types\String.h">
      <Filter>Header Files</Filter>
    </ClInclude>
    <ClInclude Include="DragAPI\Data Types\Integers.h">
      <Filter>Header Files</Filter>
    </ClInclude>
    <ClInclude Include="DragAPI\Math\Math.h">
      <Filter>Header Files</Filter>
    </ClInclude>
    <ClInclude Include="DragAPI\Graphics\Graphics.h">
      <Filter>Header Files</Filter>
    </ClInclude>
    <ClInclude Include="DragAPI\Application\Application.h">
      <Filter>Header Files</Filter>
    </ClInclude>
    <ClInclude Include="DragAPI\Diagnostics\Diagnostics.h">
      <Filter>Header Files</Filter>
    </ClInclude>
    <ClInclude Include="DragAPI\Diagnostics\Profiling\Profiling.h">
      <Filter>Header Files</Filter>
    </ClInclude>
    <ClInclude Include="DragAPI\Injector.h">
      <Filter>Header Files</Filter>
    </ClInclude>
    <ClInclude Include="DragAPI\Networking\Web.h">
      <Filter>Header Files</Filter>
    </ClInclude>
    <ClInclude Include="DragAPI\HTML\HTML.h">
      <Filter>Header Files</Filter>
    </ClInclude>
    <ClInclude Include="DragAPI\Text\Text Document\TextDocument.h">
      <Filter>Header Files</Filter>
    </ClInclude>
    <ClInclude Include="DragAPI\Text\Text.h">
      <Filter>Header Files</Filter>
    </ClInclude>
    <ClInclude Include="DragAPI\Crypto\Crypto.h">
      <Filter>Header Files</Filter>
    </ClInclude>
    <ClInclude Include="DragAPI\Data Types\Rect.h">
      <Filter>Header Files</Filter>
    </ClInclude>
    <ClInclude Include="DragAPI\Data Types\Color.h">
      <Filter>Header Files</Filter>
    </ClInclude>
    <ClInclude Include="DragAPI\Data Types\Stack.h">
      <Filter>Header Files</Filter>
    </ClInclude>
    <ClInclude Include="DragAPI\Console\Console.h">
      <Filter>Header Files</Filter>
    </ClInclude>
    <ClInclude Include="DragAPI\Callback.h">
      <Filter>Header Files</Filter>
    </ClInclude>
    <ClInclude Include="DragAPI\Data Types\Queue.h">
      <Filter>Header Files</Filter>
    </ClInclude>
    <ClInclude Include="DragAPI\Localisation\Localisation.h">
      <Filter>Header Files</Filter>
    </ClInclude>
    <ClInclude Include="DragAPI\Localisation\Language.h">
      <Filter>Header Files</Filter>
    </ClInclude>
    <ClInclude Include="DragAPI\Localisation\LocalisedString.h">
      <Filter>Header Files</Filter>
    </ClInclude>
    <ClInclude Include="DragAPI\Physics\Physics.h">
      <Filter>Header Files</Filter>
    </ClInclude>
    <ClInclude Include="DragAPI\Physics\PhysicsEngine.h">
      <Filter>Header Files</Filter>
    </ClInclude>
    <ClInclude Include="DragAPI\Networking\Exceptions.h">
      <Filter>Header Files</Filter>
    </ClInclude>
    <ClInclude Include="DragAPI\DragAPI.PlatformDefinitions.h">
      <Filter>Header Files</Filter>
    </ClInclude>
    <ClInclude Include="DragAPI\Networking\Platform_Windows\SocketWindows.h">
      <Filter>Header Files</Filter>
    </ClInclude>
    <ClInclude Include="DragAPI\Networking\Platform_Windows\WebWindows.h">
      <Filter>Header Files</Filter>
    </ClInclude>
    <ClInclude Include="DragAPI\DragAPI.Entry.h">
      <Filter>Header Files</Filter>
    </ClInclude>
    <ClInclude Include="DragAPI\Event System\EventSystem.h">
      <Filter>Header Files</Filter>
    </ClInclude>
    <ClInclude Include="DragAPI\Event System\Event.h">
      <Filter>Header Files</Filter>
    </ClInclude>
    <ClInclude Include="DragAPI\Event System\KeyboardEvents.h">
      <Filter>Header Files</Filter>
    </ClInclude>
    <ClInclude Include="DragAPI\KeyCodes.h">
      <Filter>Header Files</Filter>
    </ClInclude>
    <ClInclude Include="DragAPI\DragAPI.Core.h">
      <Filter>Header Files</Filter>
    </ClInclude>
    <ClInclude Include="DragAPI\Graphics\Platform\Windows\WindowsWindow.h">
      <Filter>Header Files</Filter>
    </ClInclude>
    <ClInclude Include="DragAPI\Event System\EventExceptions.h">
      <Filter>Header Files</Filter>
    </ClInclude>
    <ClInclude Include="DragAPI\Event System\ApplicationEvents.h">
      <Filter>Header Files</Filter>
    </ClInclude>
    <ClInclude Include="DragAPI\Types\Types.h">
      <Filter>Header Files</Filter>
    </ClInclude>
    <ClInclude Include="DragAPI\Event System\WindowEvents.h">
      <Filter>Header Files</Filter>
    </ClInclude>
    <ClInclude Include="DragAPI\Threading\Threading.h">
      <Filter>Header Files</Filter>
    </ClInclude>
    <ClInclude Include="DragAPI\Debugging\Debug.h">
      <Filter>Header Files</Filter>
    </ClInclude>
    <ClInclude Include="DragAPI\Diagnostics\Platform\Windows\StackTraceWindows.h">
      <Filter>Header Files</Filter>
    </ClInclude>
    <ClInclude Include="DragAPI\Exceptions\Platform\Windows\ExceptionsWindows.h">
      <Filter>Header Files</Filter>
    </ClInclude>
    <ClInclude Include="DragAPI\Debugging\Logging.h">
      <Filter>Header Files</Filter>
    </ClInclude>
    <ClInclude Include="DragAPI\Data Types\DateTime.h">
      <Filter>Header Files</Filter>
    </ClInclude>
    <ClInclude Include="DragAPI\Graphics\Renderer.h">
      <Filter>Header Files</Filter>
    </ClInclude>
    <ClInclude Include="DragAPI\Graphics\Platform\Direct3D\Direct3DRenderer.h">
      <Filter>Header Files</Filter>
    </ClInclude>
    <ClInclude Include="DragAPI\Data Types\Matrix.h">
      <Filter>Header Files</Filter>
    </ClInclude>
  </ItemGroup>
  <ItemGroup>
    <ClCompile Include="DragAPI\Array\Array.cpp">
      <Filter>Source Files</Filter>
    </ClCompile>
    <ClCompile Include="DragAPI\Exceptions\Exceptions.cpp">
      <Filter>Source Files</Filter>
    </ClCompile>
    <ClCompile Include="DragAPI\Diagnostics\MethodInfo.cpp">
      <Filter>Source Files</Filter>
    </ClCompile>
    <ClCompile Include="DragAPI\Diagnostics\ModuleInfo.cpp">
      <Filter>Source Files</Filter>
    </ClCompile>
    <ClCompile Include="DragAPI\Diagnostics\StackTrace.cpp">
      <Filter>Source Files</Filter>
    </ClCompile>
    <ClCompile Include="DragAPI\Diagnostics\SymbolHelper.cpp">
      <Filter>Source Files</Filter>
    </ClCompile>
    <ClCompile Include="DragAPI\Graphics\Window.cpp">
      <Filter>Source Files</Filter>
    </ClCompile>
    <ClCompile Include="DragAPI\DateTime.cpp">
      <Filter>Source Files</Filter>
    </ClCompile>
    <ClCompile Include="DragAPI\Data Types\Vectors.cpp">
      <Filter>Source Files</Filter>
    </ClCompile>
    <ClCompile Include="DragAPI\Data Types\Quaternion.cpp">
      <Filter>Source Files</Filter>
    </ClCompile>
    <ClCompile Include="DragAPI\Networking\Sockets.cpp">
      <Filter>Source Files</Filter>
    </ClCompile>
    <ClCompile Include="DragAPI\IO\IOExceptions.cpp">
      <Filter>Source Files</Filter>
    </ClCompile>
    <ClCompile Include="DragAPI\Data Types\String.cpp">
      <Filter>Source Files</Filter>
    </ClCompile>
    <ClCompile Include="DragAPI\Math\Math.cpp">
      <Filter>Source Files</Filter>
    </ClCompile>
    <ClCompile Include="DragAPI\Injector.cpp">
      <Filter>Source Files</Filter>
    </ClCompile>
    <ClCompile Include="DragAPI\Networking\Web.cpp">
      <Filter>Source Files</Filter>
    </ClCompile>
    <ClCompile Include="DragAPI\HTML\HTML.cpp">
      <Filter>Source Files</Filter>
    </ClCompile>
    <ClCompile Include="DragAPI\Text\Text Document\TextDocument.cpp">
      <Filter>Source Files</Filter>
    </ClCompile>
    <ClCompile Include="DragAPI\Data Types\Rect.cpp">
      <Filter>Source Files</Filter>
    </ClCompile>
    <ClCompile Include="DragAPI\Application\Application.cpp">
      <Filter>Source Files</Filter>
    </ClCompile>
    <ClCompile Include="DragAPI\Data Types\Color.cpp">
      <Filter>Source Files</Filter>
    </ClCompile>
    <ClCompile Include="DragAPI\Console\Console.cpp">
      <Filter>Source Files</Filter>
    </ClCompile>
    <ClCompile Include="DragAPI\Localisation\Language.cpp">
      <Filter>Source Files</Filter>
    </ClCompile>
    <ClCompile Include="DragAPI\Localisation\LocalisedString.cpp">
      <Filter>Source Files</Filter>
    </ClCompile>
    <ClCompile Include="DragAPI\Physics\PhysicsEngine.cpp">
      <Filter>Source Files</Filter>
    </ClCompile>
    <ClCompile Include="DragAPI.cpp">
      <Filter>Source Files</Filter>
    </ClCompile>
    <ClCompile Include="DragAPI\Networking\Platform_Windows\SocketWindows.cpp">
      <Filter>Source Files</Filter>
    </ClCompile>
    <ClCompile Include="DragAPI\Networking\Platform_Windows\WebWindows.cpp">
      <Filter>Source Files</Filter>
    </ClCompile>
    <ClCompile Include="DragAPI\Event System\Event.cpp">
      <Filter>Source Files</Filter>
    </ClCompile>
    <ClCompile Include="DragAPI\Event System\EventExceptions.cpp">
      <Filter>Source Files</Filter>
    </ClCompile>
    <ClCompile Include="DragAPI\Event System\EventSystem.cpp">
      <Filter>Source Files</Filter>
    </ClCompile>
    <ClCompile Include="DragAPI\Event System\KeyboardEvents.cpp">
      <Filter>Source Files</Filter>
    </ClCompile>
    <ClCompile Include="DragAPI\Types\Types.cpp">
      <Filter>Source Files</Filter>
    </ClCompile>
    <ClCompile Include="DragAPI\Event System\ApplicationEvents.cpp">
      <Filter>Source Files</Filter>
    </ClCompile>
    <ClCompile Include="DragAPI\Event System\WindowEvents.cpp">
      <Filter>Source Files</Filter>
    </ClCompile>
    <ClCompile Include="DragAPI\Threading\Platform\ThreadingWindows.cpp">
      <Filter>Source Files</Filter>
    </ClCompile>
    <ClCompile Include="DragAPI\Diagnostics\Platform\Windows\StackTraceWindows.cpp">
      <Filter>Source Files</Filter>
    </ClCompile>
    <ClCompile Include="DragAPI\Debugging\Platform\Windows\LoggingWindows.cpp">
      <Filter>Source Files</Filter>
    </ClCompile>
    <ClCompile Include="DragAPI\Data Types\Platform\Windows\DateTime Windows.cpp">
      <Filter>Source Files</Filter>
    </ClCompile>
    <ClCompile Include="DragAPI\Graphics\Renderer.cpp">
      <Filter>Source Files</Filter>
    </ClCompile>
    <ClCompile Include="DragAPI\Graphics\Platform\Direct3D\Direct3DRenderer.cpp">
      <Filter>Source Files</Filter>
    </ClCompile>
    <ClCompile Include="DragAPI\Graphics\Platform\Windows\WindowsWindow.cpp">
      <Filter>Source Files</Filter>
    </ClCompile>
  </ItemGroup>
  <ItemGroup>
    <None Include="cpp.hint" />
  </ItemGroup>
</Project>